
Microsoft Visual Studio Solution File, Format Version 12.00
# Visual Studio Version 17
VisualStudioVersion = 17.0.31912.275
MinimumVisualStudioVersion = 10.0.40219.1
Project("{FAE04EC0-301F-11D3-BF4B-00C04F79EFBC}") = "MilestoneTG.ChangeStream.Server", "MilestoneTG.ChangeStream.Server\MilestoneTG.ChangeStream.Server.csproj", "{7201CDB0-9586-4714-9857-19F99B7FEB89}"
EndProject
Project("{FAE04EC0-301F-11D3-BF4B-00C04F79EFBC}") = "MilestoneTG.ChangeStream.SqlServer", "MilestoneTG.ChangeStream.SqlServer\MilestoneTG.ChangeStream.SqlServer.csproj", "{7C7F35B4-F17B-4617-924B-950251E39BD8}"
EndProject
Project("{FAE04EC0-301F-11D3-BF4B-00C04F79EFBC}") = "MilestoneTG.ChangeStream", "MilestoneTG.ChangeStream\MilestoneTG.ChangeStream.csproj", "{41BFB9F8-34B1-4075-BCB7-459A85C1E813}"
EndProject
Global
	GlobalSection(SolutionConfigurationPlatforms) = preSolution
		Debug|Any CPU = Debug|Any CPU
		Release|Any CPU = Release|Any CPU
	EndGlobalSection
	GlobalSection(ProjectConfigurationPlatforms) = postSolution
		{7201CDB0-9586-4714-9857-19F99B7FEB89}.Debug|Any CPU.ActiveCfg = Debug|Any CPU
		{7201CDB0-9586-4714-9857-19F99B7FEB89}.Debug|Any CPU.Build.0 = Debug|Any CPU
		{7201CDB0-9586-4714-9857-19F99B7FEB89}.Release|Any CPU.ActiveCfg = Release|Any CPU
		{7201CDB0-9586-4714-9857-19F99B7FEB89}.Release|Any CPU.Build.0 = Release|Any CPU
		{7C7F35B4-F17B-4617-924B-950251E39BD8}.Debug|Any CPU.ActiveCfg = Debug|Any CPU
		{7C7F35B4-F17B-4617-924B-950251E39BD8}.Debug|Any CPU.Build.0 = Debug|Any CPU
		{7C7F35B4-F17B-4617-924B-950251E39BD8}.Release|Any CPU.ActiveCfg = Release|Any CPU
		{7C7F35B4-F17B-4617-924B-950251E39BD8}.Release|Any CPU.Build.0 = Release|Any CPU
		{41BFB9F8-34B1-4075-BCB7-459A85C1E813}.Debug|Any CPU.ActiveCfg = Debug|Any CPU
		{41BFB9F8-34B1-4075-BCB7-459A85C1E813}.Debug|Any CPU.Build.0 = Debug|Any CPU
		{41BFB9F8-34B1-4075-BCB7-459A85C1E813}.Release|Any CPU.ActiveCfg = Release|Any CPU
		{41BFB9F8-34B1-4075-BCB7-459A85C1E813}.Release|Any CPU.Build.0 = Release|Any CPU
	EndGlobalSection
	GlobalSection(SolutionProperties) = preSolution
		HideSolutionNode = FALSE
	EndGlobalSection
	GlobalSection(ExtensibilityGlobals) = postSolution
		SolutionGuid = {F072C66F-0EB0-4B6F-ACDF-CDF77FB85F68}
	EndGlobalSection
EndGlobal
