
Microsoft Visual Studio Solution File, Format Version 12.00
# Visual Studio Version 17
VisualStudioVersion = 17.0.31912.275
MinimumVisualStudioVersion = 10.0.40219.1
Project("{FAE04EC0-301F-11D3-BF4B-00C04F79EFBC}") = "Tortis.ChangeStream.Server", "src\Tortis.ChangeStream.Server\Tortis.ChangeStream.Server.csproj", "{7201CDB0-9586-4714-9857-19F99B7FEB89}"
EndProject
Project("{FAE04EC0-301F-11D3-BF4B-00C04F79EFBC}") = "Tortis.ChangeStream.SqlServer", "src\Tortis.ChangeStream.SqlServer\Tortis.ChangeStream.SqlServer.csproj", "{7C7F35B4-F17B-4617-924B-950251E39BD8}"
EndProject
Project("{FAE04EC0-301F-11D3-BF4B-00C04F79EFBC}") = "Tortis.ChangeStream", "src\Tortis.ChangeStream\Tortis.ChangeStream.csproj", "{41BFB9F8-34B1-4075-BCB7-459A85C1E813}"
EndProject
Project("{FAE04EC0-301F-11D3-BF4B-00C04F79EFBC}") = "Tortis.ChangeStream.RabbitMQ", "src\Tortis.ChangeStream.RabbitMQ\Tortis.ChangeStream.RabbitMQ.csproj", "{16E3D191-329B-4136-8318-437066EEABD8}"
EndProject
Project("{FAE04EC0-301F-11D3-BF4B-00C04F79EFBC}") = "Tortis.ChangeStream.SqlServer.Tests", "tests\Tortis.ChangeStream.SqlServer.Tests\Tortis.ChangeStream.SqlServer.Tests.csproj", "{373C1799-6EED-4A4F-970D-E47481E09CAC}"
EndProject
Project("{2150E333-8FDC-42A3-9474-1A3956D46DE8}") = "src", "src", "{BB9A11EB-4B25-4255-9BB4-7A63D449FAE1}"
EndProject
Project("{2150E333-8FDC-42A3-9474-1A3956D46DE8}") = "tests", "tests", "{6C07ED00-7E95-4DB2-BF9B-C52CEF6CDBC8}"
	ProjectSection(SolutionItems) = preProject
		tests\docker-compose.yml = tests\docker-compose.yml
		tests\enable_cdc.sql = tests\enable_cdc.sql
		tests\example_tables.sql = tests\example_tables.sql
	EndProjectSection
EndProject
Project("{FAE04EC0-301F-11D3-BF4B-00C04F79EFBC}") = "Tortis.ChangeStream.ActiveMQ", "src\Tortis.ChangeStream.ActiveMQ\Tortis.ChangeStream.ActiveMQ.csproj", "{02560080-ABD8-4584-BD8B-FCC6A25F9A70}"
EndProject
Global
	GlobalSection(SolutionConfigurationPlatforms) = preSolution
		Debug|Any CPU = Debug|Any CPU
		Release|Any CPU = Release|Any CPU
	EndGlobalSection
	GlobalSection(ProjectConfigurationPlatforms) = postSolution
		{7201CDB0-9586-4714-9857-19F99B7FEB89}.Debug|Any CPU.ActiveCfg = Debug|Any CPU
		{7201CDB0-9586-4714-9857-19F99B7FEB89}.Debug|Any CPU.Build.0 = Debug|Any CPU
		{7201CDB0-9586-4714-9857-19F99B7FEB89}.Release|Any CPU.ActiveCfg = Release|Any CPU
		{7201CDB0-9586-4714-9857-19F99B7FEB89}.Release|Any CPU.Build.0 = Release|Any CPU
		{7C7F35B4-F17B-4617-924B-950251E39BD8}.Debug|Any CPU.ActiveCfg = Debug|Any CPU
		{7C7F35B4-F17B-4617-924B-950251E39BD8}.Debug|Any CPU.Build.0 = Debug|Any CPU
		{7C7F35B4-F17B-4617-924B-950251E39BD8}.Release|Any CPU.ActiveCfg = Release|Any CPU
		{7C7F35B4-F17B-4617-924B-950251E39BD8}.Release|Any CPU.Build.0 = Release|Any CPU
		{41BFB9F8-34B1-4075-BCB7-459A85C1E813}.Debug|Any CPU.ActiveCfg = Debug|Any CPU
		{41BFB9F8-34B1-4075-BCB7-459A85C1E813}.Debug|Any CPU.Build.0 = Debug|Any CPU
		{41BFB9F8-34B1-4075-BCB7-459A85C1E813}.Release|Any CPU.ActiveCfg = Release|Any CPU
		{41BFB9F8-34B1-4075-BCB7-459A85C1E813}.Release|Any CPU.Build.0 = Release|Any CPU
		{16E3D191-329B-4136-8318-437066EEABD8}.Debug|Any CPU.ActiveCfg = Debug|Any CPU
		{16E3D191-329B-4136-8318-437066EEABD8}.Debug|Any CPU.Build.0 = Debug|Any CPU
		{16E3D191-329B-4136-8318-437066EEABD8}.Release|Any CPU.ActiveCfg = Release|Any CPU
		{16E3D191-329B-4136-8318-437066EEABD8}.Release|Any CPU.Build.0 = Release|Any CPU
		{373C1799-6EED-4A4F-970D-E47481E09CAC}.Debug|Any CPU.ActiveCfg = Debug|Any CPU
		{373C1799-6EED-4A4F-970D-E47481E09CAC}.Debug|Any CPU.Build.0 = Debug|Any CPU
		{373C1799-6EED-4A4F-970D-E47481E09CAC}.Release|Any CPU.ActiveCfg = Release|Any CPU
		{373C1799-6EED-4A4F-970D-E47481E09CAC}.Release|Any CPU.Build.0 = Release|Any CPU
		{02560080-ABD8-4584-BD8B-FCC6A25F9A70}.Debug|Any CPU.ActiveCfg = Debug|Any CPU
		{02560080-ABD8-4584-BD8B-FCC6A25F9A70}.Debug|Any CPU.Build.0 = Debug|Any CPU
		{02560080-ABD8-4584-BD8B-FCC6A25F9A70}.Release|Any CPU.ActiveCfg = Release|Any CPU
		{02560080-ABD8-4584-BD8B-FCC6A25F9A70}.Release|Any CPU.Build.0 = Release|Any CPU
	EndGlobalSection
	GlobalSection(SolutionProperties) = preSolution
		HideSolutionNode = FALSE
	EndGlobalSection
	GlobalSection(ExtensibilityGlobals) = postSolution
		SolutionGuid = {F072C66F-0EB0-4B6F-ACDF-CDF77FB85F68}
	EndGlobalSection
	GlobalSection(NestedProjects) = preSolution
		{41BFB9F8-34B1-4075-BCB7-459A85C1E813} = {BB9A11EB-4B25-4255-9BB4-7A63D449FAE1}
		{16E3D191-329B-4136-8318-437066EEABD8} = {BB9A11EB-4B25-4255-9BB4-7A63D449FAE1}
		{7201CDB0-9586-4714-9857-19F99B7FEB89} = {BB9A11EB-4B25-4255-9BB4-7A63D449FAE1}
		{7C7F35B4-F17B-4617-924B-950251E39BD8} = {BB9A11EB-4B25-4255-9BB4-7A63D449FAE1}
		{373C1799-6EED-4A4F-970D-E47481E09CAC} = {6C07ED00-7E95-4DB2-BF9B-C52CEF6CDBC8}
		{02560080-ABD8-4584-BD8B-FCC6A25F9A70} = {BB9A11EB-4B25-4255-9BB4-7A63D449FAE1}
	EndGlobalSection
EndGlobal
